
Microsoft Visual Studio Solution File, Format Version 12.00
Project("{FAE04EC0-301F-11D3-BF4B-00C04F79EFBC}") = "NorthwoodTemplate", "NorthwoodTemplate\NorthwoodTemplate.csproj", "{48651FCC-48CF-4E14-8543-57551A004FA7}"
EndProject
Global
	GlobalSection(SolutionConfigurationPlatforms) = preSolution
		Debug|Any CPU = Debug|Any CPU
		DeployAndRun|Any CPU = DeployAndRun|Any CPU
		Release|Any CPU = Release|Any CPU
	EndGlobalSection
	GlobalSection(ProjectConfigurationPlatforms) = postSolution
		{48651FCC-48CF-4E14-8543-57551A004FA7}.Debug|Any CPU.ActiveCfg = Debug|Any CPU
		{48651FCC-48CF-4E14-8543-57551A004FA7}.Debug|Any CPU.Build.0 = Debug|Any CPU
		{48651FCC-48CF-4E14-8543-57551A004FA7}.Release|Any CPU.ActiveCfg = Release|Any CPU
		{48651FCC-48CF-4E14-8543-57551A004FA7}.Release|Any CPU.Build.0 = Release|Any CPU
		{48651FCC-48CF-4E14-8543-57551A004FA7}.DeployAndRun|Any CPU.ActiveCfg = DeployAndRun|Any CPU
		{48651FCC-48CF-4E14-8543-57551A004FA7}.DeployAndRun|Any CPU.Build.0 = DeployAndRun|Any CPU
	EndGlobalSection
EndGlobal
